// !$*UTF8*$!
{
	archiveVersion = 1;
	classes = {
	};
	objectVersion = 51;
	objects = {

/* Begin PBXBuildFile section */
		371FB49824CF30B4006E2984 /* FinalCreatedViewController.swift in Sources */ = {isa = PBXBuildFile; fileRef = 371FB49724CF30B4006E2984 /* FinalCreatedViewController.swift */; };
		37200FE224DB135800797A14 /* TreasureMapViewModel.swift in Sources */ = {isa = PBXBuildFile; fileRef = 37200FE124DB135800797A14 /* TreasureMapViewModel.swift */; };
		3732A31C24D719B200B88AFB /* FinalPickedViewController.swift in Sources */ = {isa = PBXBuildFile; fileRef = 3732A31B24D719B200B88AFB /* FinalPickedViewController.swift */; };
		3736B479245B4175002A1F56 /* swiftgen.yml in Resources */ = {isa = PBXBuildFile; fileRef = 3736B478245B4174002A1F56 /* swiftgen.yml */; };
		3736B47B245B41B1002A1F56 /* Colors.xcassets in Resources */ = {isa = PBXBuildFile; fileRef = 3736B47A245B41B1002A1F56 /* Colors.xcassets */; };
		3736B47E245B4974002A1F56 /* Localizable.strings in Resources */ = {isa = PBXBuildFile; fileRef = 3736B480245B4974002A1F56 /* Localizable.strings */; };
		3736B483245B4A96002A1F56 /* assets-images.swift in Sources */ = {isa = PBXBuildFile; fileRef = 3736B482245B4A96002A1F56 /* assets-images.swift */; };
		3736B485245B4ABB002A1F56 /* storyboard-segues.swift in Sources */ = {isa = PBXBuildFile; fileRef = 3736B484245B4ABB002A1F56 /* storyboard-segues.swift */; };
		3736B487245B4ACF002A1F56 /* fonts.swift in Sources */ = {isa = PBXBuildFile; fileRef = 3736B486245B4ACF002A1F56 /* fonts.swift */; };
		3736B489245B4AEB002A1F56 /* strings.swift in Sources */ = {isa = PBXBuildFile; fileRef = 3736B488245B4AEB002A1F56 /* strings.swift */; };
		3736B48C245B4B93002A1F56 /* storyboard-scenes.swift in Sources */ = {isa = PBXBuildFile; fileRef = 3736B48B245B4B93002A1F56 /* storyboard-scenes.swift */; };
		3736B497245B4FE7002A1F56 /* anton_reg.ttf in Resources */ = {isa = PBXBuildFile; fileRef = 3736B491245B4FD3002A1F56 /* anton_reg.ttf */; };
		3736B498245B4FE7002A1F56 /* poppins_semibold.ttf in Resources */ = {isa = PBXBuildFile; fileRef = 3736B496245B4FD3002A1F56 /* poppins_semibold.ttf */; };
		3736B499245B4FE7002A1F56 /* roboto_black.ttf in Resources */ = {isa = PBXBuildFile; fileRef = 3736B494245B4FD3002A1F56 /* roboto_black.ttf */; };
		3736B49A245B4FE7002A1F56 /* roboto_bold.ttf in Resources */ = {isa = PBXBuildFile; fileRef = 3736B492245B4FD3002A1F56 /* roboto_bold.ttf */; };
		3736B49B245B4FE7002A1F56 /* roboto_light.ttf in Resources */ = {isa = PBXBuildFile; fileRef = 3736B493245B4FD3002A1F56 /* roboto_light.ttf */; };
		3736B49C245B4FE7002A1F56 /* roboto_medium.ttf in Resources */ = {isa = PBXBuildFile; fileRef = 3736B490245B4FD3002A1F56 /* roboto_medium.ttf */; };
		3736B49D245B4FE7002A1F56 /* roboto_regular.ttf in Resources */ = {isa = PBXBuildFile; fileRef = 3736B495245B4FD3002A1F56 /* roboto_regular.ttf */; };
		3736B4A1245CC200002A1F56 /* LaunchViewController.swift in Sources */ = {isa = PBXBuildFile; fileRef = 3736B4A0245CC200002A1F56 /* LaunchViewController.swift */; };
		3736B4A9245D888A002A1F56 /* MButton.swift in Sources */ = {isa = PBXBuildFile; fileRef = 3736B4A7245D888A002A1F56 /* MButton.swift */; };
		3736B4AA245D888A002A1F56 /* MGradientButton.swift in Sources */ = {isa = PBXBuildFile; fileRef = 3736B4A8245D888A002A1F56 /* MGradientButton.swift */; };
		3736B4AB245D888A002A1F56 /* UIView+Shadows.swift in Sources */ = {isa = PBXBuildFile; fileRef = 3736B4A2245D888A002A1F56 /* UIView+Shadows.swift */; };
		3736B4AC245D888A002A1F56 /* UIView+Designable.swift in Sources */ = {isa = PBXBuildFile; fileRef = 3736B4A4245D888A002A1F56 /* UIView+Designable.swift */; };
		3736B4AD245D888A002A1F56 /* UI+InterfaceBuilder.swift in Sources */ = {isa = PBXBuildFile; fileRef = 3736B4A6245D888A002A1F56 /* UI+InterfaceBuilder.swift */; };
		3736B4AE245D888A002A1F56 /* MLabel.swift in Sources */ = {isa = PBXBuildFile; fileRef = 3736B4A5245D888A002A1F56 /* MLabel.swift */; };
		3736B4AF245D888A002A1F56 /* MCustomView.swift in Sources */ = {isa = PBXBuildFile; fileRef = 3736B4A3245D888A002A1F56 /* MCustomView.swift */; };
		3736B4B8245DBBCE002A1F56 /* BasicAPI.swift in Sources */ = {isa = PBXBuildFile; fileRef = 3736B4B7245DBBCE002A1F56 /* BasicAPI.swift */; };
		3736B4BA245DBC07002A1F56 /* APIConfiguration.swift in Sources */ = {isa = PBXBuildFile; fileRef = 3736B4B9245DBC07002A1F56 /* APIConfiguration.swift */; };
		3736B4C0245DCE2B002A1F56 /* AppServices.swift in Sources */ = {isa = PBXBuildFile; fileRef = 3736B4BF245DCE2B002A1F56 /* AppServices.swift */; };
		3736B4C1245DCE80002A1F56 /* DIContainer.swift in Sources */ = {isa = PBXBuildFile; fileRef = 3736B4BC245DC9BB002A1F56 /* DIContainer.swift */; };
		3736B4C4245DD6DE002A1F56 /* MenuViewController.swift in Sources */ = {isa = PBXBuildFile; fileRef = 3736B4C3245DD6DE002A1F56 /* MenuViewController.swift */; };
		3736B4C6245DD6F6002A1F56 /* MenuScreen.storyboard in Resources */ = {isa = PBXBuildFile; fileRef = 3736B4C5245DD6F6002A1F56 /* MenuScreen.storyboard */; };
		375695B124E8668200E11A33 /* UIApplication+VisibleViewController.swift in Sources */ = {isa = PBXBuildFile; fileRef = 375695B024E8668200E11A33 /* UIApplication+VisibleViewController.swift */; };
		375695B324E9815E00E11A33 /* GradientView.swift in Sources */ = {isa = PBXBuildFile; fileRef = 375695B224E9815D00E11A33 /* GradientView.swift */; };
		375E8F1A251FB56E0004B74E /* MainButton.swift in Sources */ = {isa = PBXBuildFile; fileRef = 375E8F19251FB56E0004B74E /* MainButton.swift */; };
		377CED97243A67F9002AE6C7 /* AppDelegate.swift in Sources */ = {isa = PBXBuildFile; fileRef = 377CED96243A67F9002AE6C7 /* AppDelegate.swift */; };
		377CEDA0243A67FE002AE6C7 /* Assets.xcassets in Resources */ = {isa = PBXBuildFile; fileRef = 377CED9F243A67FE002AE6C7 /* Assets.xcassets */; };
		377F3DF22487E16300D79594 /* UIViewController+StatusBar.swift in Sources */ = {isa = PBXBuildFile; fileRef = 377F3DF12487E16300D79594 /* UIViewController+StatusBar.swift */; };
		377F3DF72487EA5700D79594 /* API+Extensions.swift in Sources */ = {isa = PBXBuildFile; fileRef = 377F3DF52487EA1300D79594 /* API+Extensions.swift */; };
		377F3DF82487EA5A00D79594 /* Error.swift in Sources */ = {isa = PBXBuildFile; fileRef = 377F3DF42487EA1200D79594 /* Error.swift */; };
		377F3DF92487F24500D79594 /* LocalizableProtocols.swift in Sources */ = {isa = PBXBuildFile; fileRef = 3736B48F245B4BDA002A1F56 /* LocalizableProtocols.swift */; };
		377F3DFB2488025A00D79594 /* MGeocoder.swift in Sources */ = {isa = PBXBuildFile; fileRef = 377F3DFA2488025A00D79594 /* MGeocoder.swift */; };
		37865FC324CB84F500521A63 /* ResultMapViewController.swift in Sources */ = {isa = PBXBuildFile; fileRef = 37865FC224CB84F400521A63 /* ResultMapViewController.swift */; };
		37865FC524CCD8FB00521A63 /* UIViewController+Map.swift in Sources */ = {isa = PBXBuildFile; fileRef = 37865FC424CCD8FB00521A63 /* UIViewController+Map.swift */; };
		3794C18C249B9D22004D9868 /* TreasuresAPI.swift in Sources */ = {isa = PBXBuildFile; fileRef = 3794C18B249B9D22004D9868 /* TreasuresAPI.swift */; };
		3794C18E249BAFE7004D9868 /* TreasureModel.swift in Sources */ = {isa = PBXBuildFile; fileRef = 3794C18D249BAFE7004D9868 /* TreasureModel.swift */; };
		37950D6324DEEFDA00DBDB0F /* MapinamoTextField.swift in Sources */ = {isa = PBXBuildFile; fileRef = 37950D6224DEEFDA00DBDB0F /* MapinamoTextField.swift */; };
		3799D33C24C88ABF003EE091 /* DetailsViewController.swift in Sources */ = {isa = PBXBuildFile; fileRef = 3799D33B24C88ABF003EE091 /* DetailsViewController.swift */; };
		37A846EA2479DB54007895CB /* CreateScreen.storyboard in Resources */ = {isa = PBXBuildFile; fileRef = 37A846E92479DB54007895CB /* CreateScreen.storyboard */; };
		37A846EC2479DB5D007895CB /* FindScreen.storyboard in Resources */ = {isa = PBXBuildFile; fileRef = 37A846EB2479DB5D007895CB /* FindScreen.storyboard */; };
		37A846EE2479DF9E007895CB /* LocationMapViewController.swift in Sources */ = {isa = PBXBuildFile; fileRef = 37A846ED2479DF9E007895CB /* LocationMapViewController.swift */; };
		37A846F02479DFB6007895CB /* TreasureMapViewController.swift in Sources */ = {isa = PBXBuildFile; fileRef = 37A846EF2479DFB6007895CB /* TreasureMapViewController.swift */; };
		37BCCEC824896232009EAEC8 /* String+Subscript.swift in Sources */ = {isa = PBXBuildFile; fileRef = 37BCCEC724896232009EAEC8 /* String+Subscript.swift */; };
		37F4493428F70321002D84AE /* AboutScreen.xib in Resources */ = {isa = PBXBuildFile; fileRef = 37F4493328F70321002D84AE /* AboutScreen.xib */; };
		37F4493628F70332002D84AE /* AboutViewController.swift in Sources */ = {isa = PBXBuildFile; fileRef = 37F4493528F70332002D84AE /* AboutViewController.swift */; };
		37FE3E672ADF8EAD00136C5C /* MarkerDetailsViewController.swift in Sources */ = {isa = PBXBuildFile; fileRef = 37FE3E662ADF8EAD00136C5C /* MarkerDetailsViewController.swift */; };
		37FE3E692ADF8F1100136C5C /* MarkerDetailsViewModel.swift in Sources */ = {isa = PBXBuildFile; fileRef = 37FE3E682ADF8F1100136C5C /* MarkerDetailsViewModel.swift */; };
		65050A3A25F2AC540020A62F /* PickupTreasurePupup.storyboard in Resources */ = {isa = PBXBuildFile; fileRef = 65050A3925F2AC540020A62F /* PickupTreasurePupup.storyboard */; };
		65050A3E25F2ACAF0020A62F /* PickupTreasurePopupViewController.swift in Sources */ = {isa = PBXBuildFile; fileRef = 65050A3D25F2ACAF0020A62F /* PickupTreasurePopupViewController.swift */; };
		65050A4125F2D78C0020A62F /* UIImage+Alpha.swift in Sources */ = {isa = PBXBuildFile; fileRef = 65050A4025F2D78C0020A62F /* UIImage+Alpha.swift */; };
		65654C61260546A100187827 /* Mapinamo.entitlements in Resources */ = {isa = PBXBuildFile; fileRef = 65654C5F25FD112900187827 /* Mapinamo.entitlements */; };
		658458CE25BCB92600FB121A /* MainTextField.swift in Sources */ = {isa = PBXBuildFile; fileRef = 658458CD25BCB92600FB121A /* MainTextField.swift */; };
		6586D2CE25EAA1CF00F08677 /* DetailsViewModel.swift in Sources */ = {isa = PBXBuildFile; fileRef = 6586D2CD25EAA1CF00F08677 /* DetailsViewModel.swift */; };
		65926F5725BC90130086F6EF /* SecondaryButton.swift in Sources */ = {isa = PBXBuildFile; fileRef = 65926F5625BC90120086F6EF /* SecondaryButton.swift */; };
		65D2001F25E963AD0036AE09 /* loading.json in Resources */ = {isa = PBXBuildFile; fileRef = 65D2001E25E963AD0036AE09 /* loading.json */; };
		65D2002625E96F730036AE09 /* UpdateScreen.storyboard in Resources */ = {isa = PBXBuildFile; fileRef = 65D2002525E96F730036AE09 /* UpdateScreen.storyboard */; };
		65D2003B25E97C2B0036AE09 /* ResultMapViewModel.swift in Sources */ = {isa = PBXBuildFile; fileRef = 65D2003A25E97C2B0036AE09 /* ResultMapViewModel.swift */; };
		65D2004125EA9D7A0036AE09 /* LocationMapViewModel.swift in Sources */ = {isa = PBXBuildFile; fileRef = 65D2004025EA9D7A0036AE09 /* LocationMapViewModel.swift */; };
		65D2FFF025E1BFC50036AE09 /* UIViewController+Alerts.swift in Sources */ = {isa = PBXBuildFile; fileRef = 65D2FFEF25E1BFC50036AE09 /* UIViewController+Alerts.swift */; };
		65D2FFF525E959510036AE09 /* SettingsAPI.swift in Sources */ = {isa = PBXBuildFile; fileRef = 65D2FFF425E959500036AE09 /* SettingsAPI.swift */; };
		65D2FFF825E95B6D0036AE09 /* VersionModel.swift in Sources */ = {isa = PBXBuildFile; fileRef = 65D2FFF725E95B6D0036AE09 /* VersionModel.swift */; };
		65DFCA39258D46AA0070B80C /* UIViewController+PhotoPicker.swift in Sources */ = {isa = PBXBuildFile; fileRef = 65DFCA38258D46AA0070B80C /* UIViewController+PhotoPicker.swift */; };
		65FFD3332597C63A008ECCAA /* UIViewController+LocationBlock.swift in Sources */ = {isa = PBXBuildFile; fileRef = 65FFD3322597C63A008ECCAA /* UIViewController+LocationBlock.swift */; };
		65FFD3362597CD5A008ECCAA /* UIViewController+Alert.swift in Sources */ = {isa = PBXBuildFile; fileRef = 65FFD3352597CD5A008ECCAA /* UIViewController+Alert.swift */; };
		9F15198726BA6DE4007192F8 /* MapStyle.json in Resources */ = {isa = PBXBuildFile; fileRef = 377F3D9D2484323800D79594 /* MapStyle.json */; };
		9F47087E26B82AE000E0EE5A /* LaunchScreen.storyboard in Resources */ = {isa = PBXBuildFile; fileRef = 9F47087D26B82AE000E0EE5A /* LaunchScreen.storyboard */; };
		C31AE1BFC7E4D99F0D8DCDC7 /* Pods_Mapinamo.framework in Frameworks */ = {isa = PBXBuildFile; fileRef = 057EDB069364E43810701031 /* Pods_Mapinamo.framework */; };
/* End PBXBuildFile section */

/* Begin PBXFileReference section */
		057EDB069364E43810701031 /* Pods_Mapinamo.framework */ = {isa = PBXFileReference; explicitFileType = wrapper.framework; includeInIndex = 0; path = Pods_Mapinamo.framework; sourceTree = BUILT_PRODUCTS_DIR; };
		21E231F08ED01A72A9A92CAF /* Pods-Mapinamo.debug.xcconfig */ = {isa = PBXFileReference; includeInIndex = 1; lastKnownFileType = text.xcconfig; name = "Pods-Mapinamo.debug.xcconfig"; path = "Target Support Files/Pods-Mapinamo/Pods-Mapinamo.debug.xcconfig"; sourceTree = "<group>"; };
		371FB49724CF30B4006E2984 /* FinalCreatedViewController.swift */ = {isa = PBXFileReference; lastKnownFileType = sourcecode.swift; path = FinalCreatedViewController.swift; sourceTree = "<group>"; };
		37200FE124DB135800797A14 /* TreasureMapViewModel.swift */ = {isa = PBXFileReference; lastKnownFileType = sourcecode.swift; path = TreasureMapViewModel.swift; sourceTree = "<group>"; };
		3732A31B24D719B200B88AFB /* FinalPickedViewController.swift */ = {isa = PBXFileReference; lastKnownFileType = sourcecode.swift; path = FinalPickedViewController.swift; sourceTree = "<group>"; };
		3736B478245B4174002A1F56 /* swiftgen.yml */ = {isa = PBXFileReference; fileEncoding = 4; lastKnownFileType = text.yaml; path = swiftgen.yml; sourceTree = "<group>"; };
		3736B47A245B41B1002A1F56 /* Colors.xcassets */ = {isa = PBXFileReference; lastKnownFileType = folder.assetcatalog; path = Colors.xcassets; sourceTree = "<group>"; };
		3736B47F245B4974002A1F56 /* en */ = {isa = PBXFileReference; lastKnownFileType = text.plist.strings; name = en; path = en.lproj/Localizable.strings; sourceTree = "<group>"; };
		3736B482245B4A96002A1F56 /* assets-images.swift */ = {isa = PBXFileReference; lastKnownFileType = sourcecode.swift; path = "assets-images.swift"; sourceTree = "<group>"; };
		3736B484245B4ABB002A1F56 /* storyboard-segues.swift */ = {isa = PBXFileReference; lastKnownFileType = sourcecode.swift; path = "storyboard-segues.swift"; sourceTree = "<group>"; };
		3736B486245B4ACF002A1F56 /* fonts.swift */ = {isa = PBXFileReference; lastKnownFileType = sourcecode.swift; path = fonts.swift; sourceTree = "<group>"; };
		3736B488245B4AEB002A1F56 /* strings.swift */ = {isa = PBXFileReference; lastKnownFileType = sourcecode.swift; path = strings.swift; sourceTree = "<group>"; };
		3736B48B245B4B93002A1F56 /* storyboard-scenes.swift */ = {isa = PBXFileReference; lastKnownFileType = sourcecode.swift; path = "storyboard-scenes.swift"; sourceTree = "<group>"; };
		3736B48F245B4BDA002A1F56 /* LocalizableProtocols.swift */ = {isa = PBXFileReference; lastKnownFileType = sourcecode.swift; path = LocalizableProtocols.swift; sourceTree = "<group>"; };
		3736B490245B4FD3002A1F56 /* roboto_medium.ttf */ = {isa = PBXFileReference; lastKnownFileType = file; path = roboto_medium.ttf; sourceTree = "<group>"; };
		3736B491245B4FD3002A1F56 /* anton_reg.ttf */ = {isa = PBXFileReference; lastKnownFileType = file; path = anton_reg.ttf; sourceTree = "<group>"; };
		3736B492245B4FD3002A1F56 /* roboto_bold.ttf */ = {isa = PBXFileReference; lastKnownFileType = file; path = roboto_bold.ttf; sourceTree = "<group>"; };
		3736B493245B4FD3002A1F56 /* roboto_light.ttf */ = {isa = PBXFileReference; lastKnownFileType = file; path = roboto_light.ttf; sourceTree = "<group>"; };
		3736B494245B4FD3002A1F56 /* roboto_black.ttf */ = {isa = PBXFileReference; lastKnownFileType = file; path = roboto_black.ttf; sourceTree = "<group>"; };
		3736B495245B4FD3002A1F56 /* roboto_regular.ttf */ = {isa = PBXFileReference; lastKnownFileType = file; path = roboto_regular.ttf; sourceTree = "<group>"; };
		3736B496245B4FD3002A1F56 /* poppins_semibold.ttf */ = {isa = PBXFileReference; lastKnownFileType = file; path = poppins_semibold.ttf; sourceTree = "<group>"; };
		3736B4A0245CC200002A1F56 /* LaunchViewController.swift */ = {isa = PBXFileReference; lastKnownFileType = sourcecode.swift; path = LaunchViewController.swift; sourceTree = "<group>"; };
		3736B4A2245D888A002A1F56 /* UIView+Shadows.swift */ = {isa = PBXFileReference; lastKnownFileType = sourcecode.swift; path = "UIView+Shadows.swift"; sourceTree = "<group>"; };
		3736B4A3245D888A002A1F56 /* MCustomView.swift */ = {isa = PBXFileReference; lastKnownFileType = sourcecode.swift; path = MCustomView.swift; sourceTree = "<group>"; };
		3736B4A4245D888A002A1F56 /* UIView+Designable.swift */ = {isa = PBXFileReference; lastKnownFileType = sourcecode.swift; path = "UIView+Designable.swift"; sourceTree = "<group>"; };
		3736B4A5245D888A002A1F56 /* MLabel.swift */ = {isa = PBXFileReference; lastKnownFileType = sourcecode.swift; path = MLabel.swift; sourceTree = "<group>"; };
		3736B4A6245D888A002A1F56 /* UI+InterfaceBuilder.swift */ = {isa = PBXFileReference; lastKnownFileType = sourcecode.swift; path = "UI+InterfaceBuilder.swift"; sourceTree = "<group>"; };
		3736B4A7245D888A002A1F56 /* MButton.swift */ = {isa = PBXFileReference; lastKnownFileType = sourcecode.swift; path = MButton.swift; sourceTree = "<group>"; };
		3736B4A8245D888A002A1F56 /* MGradientButton.swift */ = {isa = PBXFileReference; lastKnownFileType = sourcecode.swift; path = MGradientButton.swift; sourceTree = "<group>"; };
		3736B4B7245DBBCE002A1F56 /* BasicAPI.swift */ = {isa = PBXFileReference; lastKnownFileType = sourcecode.swift; path = BasicAPI.swift; sourceTree = "<group>"; };
		3736B4B9245DBC07002A1F56 /* APIConfiguration.swift */ = {isa = PBXFileReference; lastKnownFileType = sourcecode.swift; path = APIConfiguration.swift; sourceTree = "<group>"; };
		3736B4BC245DC9BB002A1F56 /* DIContainer.swift */ = {isa = PBXFileReference; lastKnownFileType = sourcecode.swift; path = DIContainer.swift; sourceTree = "<group>"; };
		3736B4BF245DCE2B002A1F56 /* AppServices.swift */ = {isa = PBXFileReference; lastKnownFileType = sourcecode.swift; path = AppServices.swift; sourceTree = "<group>"; };
		3736B4C3245DD6DE002A1F56 /* MenuViewController.swift */ = {isa = PBXFileReference; lastKnownFileType = sourcecode.swift; path = MenuViewController.swift; sourceTree = "<group>"; };
		3736B4C5245DD6F6002A1F56 /* MenuScreen.storyboard */ = {isa = PBXFileReference; lastKnownFileType = file.storyboard; path = MenuScreen.storyboard; sourceTree = "<group>"; };
		375695B024E8668200E11A33 /* UIApplication+VisibleViewController.swift */ = {isa = PBXFileReference; lastKnownFileType = sourcecode.swift; path = "UIApplication+VisibleViewController.swift"; sourceTree = "<group>"; };
		375695B224E9815D00E11A33 /* GradientView.swift */ = {isa = PBXFileReference; lastKnownFileType = sourcecode.swift; path = GradientView.swift; sourceTree = "<group>"; };
		375E8F19251FB56E0004B74E /* MainButton.swift */ = {isa = PBXFileReference; lastKnownFileType = sourcecode.swift; path = MainButton.swift; sourceTree = "<group>"; };
		377CED93243A67F9002AE6C7 /* Mapinamo.app */ = {isa = PBXFileReference; explicitFileType = wrapper.application; includeInIndex = 0; path = Mapinamo.app; sourceTree = BUILT_PRODUCTS_DIR; };
		377CED96243A67F9002AE6C7 /* AppDelegate.swift */ = {isa = PBXFileReference; lastKnownFileType = sourcecode.swift; path = AppDelegate.swift; sourceTree = "<group>"; };
		377CED9F243A67FE002AE6C7 /* Assets.xcassets */ = {isa = PBXFileReference; lastKnownFileType = folder.assetcatalog; path = Assets.xcassets; sourceTree = "<group>"; };
		377CEDA4243A67FE002AE6C7 /* Info.plist */ = {isa = PBXFileReference; lastKnownFileType = text.plist.xml; path = Info.plist; sourceTree = "<group>"; };
		377F3D9D2484323800D79594 /* MapStyle.json */ = {isa = PBXFileReference; lastKnownFileType = text.json; path = MapStyle.json; sourceTree = "<group>"; };
		377F3DF12487E16300D79594 /* UIViewController+StatusBar.swift */ = {isa = PBXFileReference; lastKnownFileType = sourcecode.swift; path = "UIViewController+StatusBar.swift"; sourceTree = "<group>"; };
		377F3DF42487EA1200D79594 /* Error.swift */ = {isa = PBXFileReference; lastKnownFileType = sourcecode.swift; path = Error.swift; sourceTree = "<group>"; };
		377F3DF52487EA1300D79594 /* API+Extensions.swift */ = {isa = PBXFileReference; lastKnownFileType = sourcecode.swift; path = "API+Extensions.swift"; sourceTree = "<group>"; };
		377F3DFA2488025A00D79594 /* MGeocoder.swift */ = {isa = PBXFileReference; lastKnownFileType = sourcecode.swift; path = MGeocoder.swift; sourceTree = "<group>"; };
		37865FC224CB84F400521A63 /* ResultMapViewController.swift */ = {isa = PBXFileReference; lastKnownFileType = sourcecode.swift; path = ResultMapViewController.swift; sourceTree = "<group>"; };
		37865FC424CCD8FB00521A63 /* UIViewController+Map.swift */ = {isa = PBXFileReference; lastKnownFileType = sourcecode.swift; path = "UIViewController+Map.swift"; sourceTree = "<group>"; };
		3794C18B249B9D22004D9868 /* TreasuresAPI.swift */ = {isa = PBXFileReference; lastKnownFileType = sourcecode.swift; path = TreasuresAPI.swift; sourceTree = "<group>"; };
		3794C18D249BAFE7004D9868 /* TreasureModel.swift */ = {isa = PBXFileReference; lastKnownFileType = sourcecode.swift; path = TreasureModel.swift; sourceTree = "<group>"; };
		37950D6224DEEFDA00DBDB0F /* MapinamoTextField.swift */ = {isa = PBXFileReference; lastKnownFileType = sourcecode.swift; path = MapinamoTextField.swift; sourceTree = "<group>"; };
		3799D33B24C88ABF003EE091 /* DetailsViewController.swift */ = {isa = PBXFileReference; lastKnownFileType = sourcecode.swift; path = DetailsViewController.swift; sourceTree = "<group>"; };
		37A846E92479DB54007895CB /* CreateScreen.storyboard */ = {isa = PBXFileReference; lastKnownFileType = file.storyboard; path = CreateScreen.storyboard; sourceTree = "<group>"; };
		37A846EB2479DB5D007895CB /* FindScreen.storyboard */ = {isa = PBXFileReference; lastKnownFileType = file.storyboard; path = FindScreen.storyboard; sourceTree = "<group>"; };
		37A846ED2479DF9E007895CB /* LocationMapViewController.swift */ = {isa = PBXFileReference; lastKnownFileType = sourcecode.swift; path = LocationMapViewController.swift; sourceTree = "<group>"; };
		37A846EF2479DFB6007895CB /* TreasureMapViewController.swift */ = {isa = PBXFileReference; lastKnownFileType = sourcecode.swift; path = TreasureMapViewController.swift; sourceTree = "<group>"; };
		37BCCEC724896232009EAEC8 /* String+Subscript.swift */ = {isa = PBXFileReference; lastKnownFileType = sourcecode.swift; path = "String+Subscript.swift"; sourceTree = "<group>"; };
		37F4493328F70321002D84AE /* AboutScreen.xib */ = {isa = PBXFileReference; lastKnownFileType = file.xib; path = AboutScreen.xib; sourceTree = "<group>"; };
		37F4493528F70332002D84AE /* AboutViewController.swift */ = {isa = PBXFileReference; lastKnownFileType = sourcecode.swift; path = AboutViewController.swift; sourceTree = "<group>"; };
		37FE3E662ADF8EAD00136C5C /* MarkerDetailsViewController.swift */ = {isa = PBXFileReference; lastKnownFileType = sourcecode.swift; path = MarkerDetailsViewController.swift; sourceTree = "<group>"; };
		37FE3E682ADF8F1100136C5C /* MarkerDetailsViewModel.swift */ = {isa = PBXFileReference; lastKnownFileType = sourcecode.swift; path = MarkerDetailsViewModel.swift; sourceTree = "<group>"; };
		65050A3925F2AC540020A62F /* PickupTreasurePupup.storyboard */ = {isa = PBXFileReference; lastKnownFileType = file.storyboard; path = PickupTreasurePupup.storyboard; sourceTree = "<group>"; };
		65050A3D25F2ACAF0020A62F /* PickupTreasurePopupViewController.swift */ = {isa = PBXFileReference; lastKnownFileType = sourcecode.swift; path = PickupTreasurePopupViewController.swift; sourceTree = "<group>"; };
		65050A4025F2D78C0020A62F /* UIImage+Alpha.swift */ = {isa = PBXFileReference; lastKnownFileType = sourcecode.swift; path = "UIImage+Alpha.swift"; sourceTree = "<group>"; };
		65654C5F25FD112900187827 /* Mapinamo.entitlements */ = {isa = PBXFileReference; lastKnownFileType = text.plist.entitlements; path = Mapinamo.entitlements; sourceTree = "<group>"; };
		658458CD25BCB92600FB121A /* MainTextField.swift */ = {isa = PBXFileReference; lastKnownFileType = sourcecode.swift; path = MainTextField.swift; sourceTree = "<group>"; };
		6586D2CD25EAA1CF00F08677 /* DetailsViewModel.swift */ = {isa = PBXFileReference; lastKnownFileType = sourcecode.swift; path = DetailsViewModel.swift; sourceTree = "<group>"; };
		65926F5625BC90120086F6EF /* SecondaryButton.swift */ = {isa = PBXFileReference; lastKnownFileType = sourcecode.swift; path = SecondaryButton.swift; sourceTree = "<group>"; };
		65D2001E25E963AD0036AE09 /* loading.json */ = {isa = PBXFileReference; fileEncoding = 4; lastKnownFileType = text.json; path = loading.json; sourceTree = "<group>"; };
		65D2002525E96F730036AE09 /* UpdateScreen.storyboard */ = {isa = PBXFileReference; lastKnownFileType = file.storyboard; path = UpdateScreen.storyboard; sourceTree = "<group>"; };
		65D2003A25E97C2B0036AE09 /* ResultMapViewModel.swift */ = {isa = PBXFileReference; lastKnownFileType = sourcecode.swift; path = ResultMapViewModel.swift; sourceTree = "<group>"; };
		65D2004025EA9D7A0036AE09 /* LocationMapViewModel.swift */ = {isa = PBXFileReference; lastKnownFileType = sourcecode.swift; path = LocationMapViewModel.swift; sourceTree = "<group>"; };
		65D2FFEF25E1BFC50036AE09 /* UIViewController+Alerts.swift */ = {isa = PBXFileReference; lastKnownFileType = sourcecode.swift; path = "UIViewController+Alerts.swift"; sourceTree = "<group>"; };
		65D2FFF425E959500036AE09 /* SettingsAPI.swift */ = {isa = PBXFileReference; lastKnownFileType = sourcecode.swift; path = SettingsAPI.swift; sourceTree = "<group>"; };
		65D2FFF725E95B6D0036AE09 /* VersionModel.swift */ = {isa = PBXFileReference; lastKnownFileType = sourcecode.swift; path = VersionModel.swift; sourceTree = "<group>"; };
		65DFCA38258D46AA0070B80C /* UIViewController+PhotoPicker.swift */ = {isa = PBXFileReference; lastKnownFileType = sourcecode.swift; path = "UIViewController+PhotoPicker.swift"; sourceTree = "<group>"; };
		65FFD3322597C63A008ECCAA /* UIViewController+LocationBlock.swift */ = {isa = PBXFileReference; lastKnownFileType = sourcecode.swift; path = "UIViewController+LocationBlock.swift"; sourceTree = "<group>"; };
		65FFD3352597CD5A008ECCAA /* UIViewController+Alert.swift */ = {isa = PBXFileReference; lastKnownFileType = sourcecode.swift; path = "UIViewController+Alert.swift"; sourceTree = "<group>"; };
		9F47087D26B82AE000E0EE5A /* LaunchScreen.storyboard */ = {isa = PBXFileReference; lastKnownFileType = file.storyboard; path = LaunchScreen.storyboard; sourceTree = "<group>"; };
		EB323C2E626DD128528BD76E /* Pods-Mapinamo.release.xcconfig */ = {isa = PBXFileReference; includeInIndex = 1; lastKnownFileType = text.xcconfig; name = "Pods-Mapinamo.release.xcconfig"; path = "Target Support Files/Pods-Mapinamo/Pods-Mapinamo.release.xcconfig"; sourceTree = "<group>"; };
/* End PBXFileReference section */

/* Begin PBXFrameworksBuildPhase section */
		377CED90243A67F9002AE6C7 /* Frameworks */ = {
			isa = PBXFrameworksBuildPhase;
			buildActionMask = 2147483647;
			files = (
				C31AE1BFC7E4D99F0D8DCDC7 /* Pods_Mapinamo.framework in Frameworks */,
			);
			runOnlyForDeploymentPostprocessing = 0;
		};
/* End PBXFrameworksBuildPhase section */

/* Begin PBXGroup section */
		12F477D94360F9B6E87CB7FD /* Frameworks */ = {
			isa = PBXGroup;
			children = (
				057EDB069364E43810701031 /* Pods_Mapinamo.framework */,
			);
			name = Frameworks;
			sourceTree = "<group>";
		};
		23AE4F816CD25CD54C20D9DF /* Pods */ = {
			isa = PBXGroup;
			children = (
				21E231F08ED01A72A9A92CAF /* Pods-Mapinamo.debug.xcconfig */,
				EB323C2E626DD128528BD76E /* Pods-Mapinamo.release.xcconfig */,
			);
			path = Pods;
			sourceTree = "<group>";
		};
		3736B481245B4A7E002A1F56 /* Generated */ = {
			isa = PBXGroup;
			children = (
				3736B482245B4A96002A1F56 /* assets-images.swift */,
				3736B48B245B4B93002A1F56 /* storyboard-scenes.swift */,
				3736B484245B4ABB002A1F56 /* storyboard-segues.swift */,
				3736B486245B4ACF002A1F56 /* fonts.swift */,
				3736B488245B4AEB002A1F56 /* strings.swift */,
			);
			path = Generated;
			sourceTree = "<group>";
		};
		3736B48A245B4B07002A1F56 /* Fonts */ = {
			isa = PBXGroup;
			children = (
				3736B491245B4FD3002A1F56 /* anton_reg.ttf */,
				3736B496245B4FD3002A1F56 /* poppins_semibold.ttf */,
				3736B494245B4FD3002A1F56 /* roboto_black.ttf */,
				3736B492245B4FD3002A1F56 /* roboto_bold.ttf */,
				3736B493245B4FD3002A1F56 /* roboto_light.ttf */,
				3736B490245B4FD3002A1F56 /* roboto_medium.ttf */,
				3736B495245B4FD3002A1F56 /* roboto_regular.ttf */,
			);
			path = Fonts;
			sourceTree = "<group>";
		};
		3736B48D245B4BBC002A1F56 /* Localization */ = {
			isa = PBXGroup;
			children = (
				3736B48F245B4BDA002A1F56 /* LocalizableProtocols.swift */,
				3736B480245B4974002A1F56 /* Localizable.strings */,
			);
			path = Localization;
			sourceTree = "<group>";
		};
		3736B49F245CC1C2002A1F56 /* UI */ = {
			isa = PBXGroup;
			children = (
				9F4B839A26B80FEC00794AF4 /* Launch */,
				65D2FFEE25E1BF970036AE09 /* Basic */,
				65D2002425E96F5D0036AE09 /* Update */,
				3736B4C2245DD6BD002A1F56 /* Menu */,
				37805AC42479D18E00AE92B5 /* Offering */,
				37805AC52479D1A100AE92B5 /* Find */,
				37950D6124DEEFA000DBDB0F /* Views */,
			);
			path = UI;
			sourceTree = "<group>";
		};
		3736B4B0245D95FE002A1F56 /* Extensions */ = {
			isa = PBXGroup;
			children = (
				3736B4A7245D888A002A1F56 /* MButton.swift */,
				3736B4A3245D888A002A1F56 /* MCustomView.swift */,
				3736B4A8245D888A002A1F56 /* MGradientButton.swift */,
				3736B4A5245D888A002A1F56 /* MLabel.swift */,
				3736B4A6245D888A002A1F56 /* UI+InterfaceBuilder.swift */,
				3736B4A4245D888A002A1F56 /* UIView+Designable.swift */,
				3736B4A2245D888A002A1F56 /* UIView+Shadows.swift */,
				37BCCEC724896232009EAEC8 /* String+Subscript.swift */,
			);
			path = Extensions;
			sourceTree = "<group>";
		};
		3736B4B6245DBBB2002A1F56 /* Network */ = {
			isa = PBXGroup;
			children = (
				3736B4B7245DBBCE002A1F56 /* BasicAPI.swift */,
				3736B4B9245DBC07002A1F56 /* APIConfiguration.swift */,
			);
			path = Network;
			sourceTree = "<group>";
		};
		3736B4BB245DC99D002A1F56 /* DI */ = {
			isa = PBXGroup;
			children = (
				3736B4BC245DC9BB002A1F56 /* DIContainer.swift */,
			);
			path = DI;
			sourceTree = "<group>";
		};
		3736B4BD245DCDD4002A1F56 /* Base */ = {
			isa = PBXGroup;
			children = (
				3736B4BB245DC99D002A1F56 /* DI */,
				3736B4B6245DBBB2002A1F56 /* Network */,
				3736B4B0245D95FE002A1F56 /* Extensions */,
			);
			path = Base;
			sourceTree = "<group>";
		};
		3736B4BE245DCE09002A1F56 /* DI */ = {
			isa = PBXGroup;
			children = (
				3736B4BF245DCE2B002A1F56 /* AppServices.swift */,
			);
			path = DI;
			sourceTree = "<group>";
		};
		3736B4C2245DD6BD002A1F56 /* Menu */ = {
			isa = PBXGroup;
			children = (
				37F4493228F70312002D84AE /* About */,
				3736B4C5245DD6F6002A1F56 /* MenuScreen.storyboard */,
				3736B4C3245DD6DE002A1F56 /* MenuViewController.swift */,
			);
			path = Menu;
			sourceTree = "<group>";
		};
		377CED8A243A67F9002AE6C7 = {
			isa = PBXGroup;
			children = (
				3736B478245B4174002A1F56 /* swiftgen.yml */,
				65D2001E25E963AD0036AE09 /* loading.json */,
				3736B481245B4A7E002A1F56 /* Generated */,
				377CED95243A67F9002AE6C7 /* Mapinamo */,
				377CED94243A67F9002AE6C7 /* Products */,
				23AE4F816CD25CD54C20D9DF /* Pods */,
				12F477D94360F9B6E87CB7FD /* Frameworks */,
			);
			sourceTree = "<group>";
		};
		377CED94243A67F9002AE6C7 /* Products */ = {
			isa = PBXGroup;
			children = (
				377CED93243A67F9002AE6C7 /* Mapinamo.app */,
			);
			name = Products;
			sourceTree = "<group>";
		};
		377CED95243A67F9002AE6C7 /* Mapinamo */ = {
			isa = PBXGroup;
			children = (
				65654C5F25FD112900187827 /* Mapinamo.entitlements */,
				3736B4BD245DCDD4002A1F56 /* Base */,
				377F3DF32487E99200D79594 /* Network */,
				377F3DF62487EA1C00D79594 /* Model */,
				3736B4BE245DCE09002A1F56 /* DI */,
				3736B49F245CC1C2002A1F56 /* UI */,
				377F3DF02487E0C700D79594 /* Extensions */,
				377CED96243A67F9002AE6C7 /* AppDelegate.swift */,
				377CED9F243A67FE002AE6C7 /* Assets.xcassets */,
				3736B47A245B41B1002A1F56 /* Colors.xcassets */,
				3736B48D245B4BBC002A1F56 /* Localization */,
				3736B48A245B4B07002A1F56 /* Fonts */,
				377F3D9D2484323800D79594 /* MapStyle.json */,
				377CEDA4243A67FE002AE6C7 /* Info.plist */,
			);
			path = Mapinamo;
			sourceTree = "<group>";
		};
		377F3DF02487E0C700D79594 /* Extensions */ = {
			isa = PBXGroup;
			children = (
				377F3DF12487E16300D79594 /* UIViewController+StatusBar.swift */,
				37865FC424CCD8FB00521A63 /* UIViewController+Map.swift */,
				377F3DFA2488025A00D79594 /* MGeocoder.swift */,
				375695B024E8668200E11A33 /* UIApplication+VisibleViewController.swift */,
				65DFCA38258D46AA0070B80C /* UIViewController+PhotoPicker.swift */,
				65FFD3322597C63A008ECCAA /* UIViewController+LocationBlock.swift */,
				65FFD3352597CD5A008ECCAA /* UIViewController+Alert.swift */,
				65050A4025F2D78C0020A62F /* UIImage+Alpha.swift */,
			);
			path = Extensions;
			sourceTree = "<group>";
		};
		377F3DF32487E99200D79594 /* Network */ = {
			isa = PBXGroup;
			children = (
				377F3DF42487EA1200D79594 /* Error.swift */,
				377F3DF52487EA1300D79594 /* API+Extensions.swift */,
				3794C18B249B9D22004D9868 /* TreasuresAPI.swift */,
				65D2FFF425E959500036AE09 /* SettingsAPI.swift */,
			);
			path = Network;
			sourceTree = "<group>";
		};
		377F3DF62487EA1C00D79594 /* Model */ = {
			isa = PBXGroup;
			children = (
				3794C18D249BAFE7004D9868 /* TreasureModel.swift */,
				65D2FFF725E95B6D0036AE09 /* VersionModel.swift */,
			);
			path = Model;
			sourceTree = "<group>";
		};
		37805AC42479D18E00AE92B5 /* Offering */ = {
			isa = PBXGroup;
			children = (
				9FDCACEF26B9433C00B8659F /* FinalMenu */,
				37A846E92479DB54007895CB /* CreateScreen.storyboard */,
				65D2003F25EA9D2A0036AE09 /* Location */,
				65D2003E25E97C450036AE09 /* Details */,
				6586D2CB25EA9FE600F08677 /* ResultMap */,
			);
			path = Offering;
			sourceTree = "<group>";
		};
		37805AC52479D1A100AE92B5 /* Find */ = {
			isa = PBXGroup;
			children = (
				9FDCACF126B9438900B8659F /* FinalMenu */,
				9FDCACF026B9438000B8659F /* Map */,
				37FE3E652ADF8E8C00136C5C /* MarkerDetails */,
				37A846EB2479DB5D007895CB /* FindScreen.storyboard */,
			);
			path = Find;
			sourceTree = "<group>";
		};
		37950D6124DEEFA000DBDB0F /* Views */ = {
			isa = PBXGroup;
			children = (
				65050A3C25F2AC610020A62F /* Popups */,
				37950D6224DEEFDA00DBDB0F /* MapinamoTextField.swift */,
				375695B224E9815D00E11A33 /* GradientView.swift */,
				375E8F19251FB56E0004B74E /* MainButton.swift */,
				65926F5625BC90120086F6EF /* SecondaryButton.swift */,
				658458CD25BCB92600FB121A /* MainTextField.swift */,
			);
			path = Views;
			sourceTree = "<group>";
		};
		37F4493228F70312002D84AE /* About */ = {
			isa = PBXGroup;
			children = (
				37F4493328F70321002D84AE /* AboutScreen.xib */,
				37F4493528F70332002D84AE /* AboutViewController.swift */,
			);
			path = About;
			sourceTree = "<group>";
		};
		37FE3E652ADF8E8C00136C5C /* MarkerDetails */ = {
			isa = PBXGroup;
			children = (
				37FE3E662ADF8EAD00136C5C /* MarkerDetailsViewController.swift */,
				37FE3E682ADF8F1100136C5C /* MarkerDetailsViewModel.swift */,
			);
			path = MarkerDetails;
			sourceTree = "<group>";
		};
		65050A3C25F2AC610020A62F /* Popups */ = {
			isa = PBXGroup;
			children = (
				65050A3925F2AC540020A62F /* PickupTreasurePupup.storyboard */,
				65050A3D25F2ACAF0020A62F /* PickupTreasurePopupViewController.swift */,
			);
			path = Popups;
			sourceTree = "<group>";
		};
		6586D2CB25EA9FE600F08677 /* ResultMap */ = {
			isa = PBXGroup;
			children = (
				37865FC224CB84F400521A63 /* ResultMapViewController.swift */,
				65D2003A25E97C2B0036AE09 /* ResultMapViewModel.swift */,
			);
			path = ResultMap;
			sourceTree = "<group>";
		};
		65D2002425E96F5D0036AE09 /* Update */ = {
			isa = PBXGroup;
			children = (
				65D2002525E96F730036AE09 /* UpdateScreen.storyboard */,
			);
			path = Update;
			sourceTree = "<group>";
		};
		65D2003E25E97C450036AE09 /* Details */ = {
			isa = PBXGroup;
			children = (
				3799D33B24C88ABF003EE091 /* DetailsViewController.swift */,
				6586D2CD25EAA1CF00F08677 /* DetailsViewModel.swift */,
			);
			path = Details;
			sourceTree = "<group>";
		};
		65D2003F25EA9D2A0036AE09 /* Location */ = {
			isa = PBXGroup;
			children = (
				37A846ED2479DF9E007895CB /* LocationMapViewController.swift */,
				65D2004025EA9D7A0036AE09 /* LocationMapViewModel.swift */,
			);
			path = Location;
			sourceTree = "<group>";
		};
		65D2FFEE25E1BF970036AE09 /* Basic */ = {
			isa = PBXGroup;
			children = (
				65D2FFEF25E1BFC50036AE09 /* UIViewController+Alerts.swift */,
			);
			path = Basic;
			sourceTree = "<group>";
		};
		9F4B839A26B80FEC00794AF4 /* Launch */ = {
			isa = PBXGroup;
			children = (
				3736B4A0245CC200002A1F56 /* LaunchViewController.swift */,
				9F47087D26B82AE000E0EE5A /* LaunchScreen.storyboard */,
			);
			path = Launch;
			sourceTree = "<group>";
		};
		9FDCACEF26B9433C00B8659F /* FinalMenu */ = {
			isa = PBXGroup;
			children = (
				371FB49724CF30B4006E2984 /* FinalCreatedViewController.swift */,
			);
			path = FinalMenu;
			sourceTree = "<group>";
		};
		9FDCACF026B9438000B8659F /* Map */ = {
			isa = PBXGroup;
			children = (
				37A846EF2479DFB6007895CB /* TreasureMapViewController.swift */,
				37200FE124DB135800797A14 /* TreasureMapViewModel.swift */,
			);
			path = Map;
			sourceTree = "<group>";
		};
		9FDCACF126B9438900B8659F /* FinalMenu */ = {
			isa = PBXGroup;
			children = (
				3732A31B24D719B200B88AFB /* FinalPickedViewController.swift */,
			);
			path = FinalMenu;
			sourceTree = "<group>";
		};
/* End PBXGroup section */

/* Begin PBXNativeTarget section */
		377CED92243A67F9002AE6C7 /* Mapinamo */ = {
			isa = PBXNativeTarget;
			buildConfigurationList = 377CEDA7243A67FE002AE6C7 /* Build configuration list for PBXNativeTarget "Mapinamo" */;
			buildPhases = (
				2968081339834351FA58C4E8 /* [CP] Check Pods Manifest.lock */,
				3736B49E245CB031002A1F56 /* ShellScript */,
				377CED8F243A67F9002AE6C7 /* Sources */,
				377CED90243A67F9002AE6C7 /* Frameworks */,
				377CED91243A67F9002AE6C7 /* Resources */,
				78214EDD694AAF27918B95C1 /* [CP] Embed Pods Frameworks */,
				007AA47EC92FC86AB80DE5D7 /* [CP] Copy Pods Resources */,
			);
			buildRules = (
			);
			dependencies = (
			);
			name = Mapinamo;
			productName = Mapinamo;
			productReference = 377CED93243A67F9002AE6C7 /* Mapinamo.app */;
			productType = "com.apple.product-type.application";
		};
/* End PBXNativeTarget section */

/* Begin PBXProject section */
		377CED8B243A67F9002AE6C7 /* Project object */ = {
			isa = PBXProject;
			attributes = {
				LastSwiftUpdateCheck = 1140;
				LastUpgradeCheck = 1250;
				ORGANIZATIONNAME = Db;
				TargetAttributes = {
					377CED92243A67F9002AE6C7 = {
						CreatedOnToolsVersion = 11.4;
					};
				};
			};
			buildConfigurationList = 377CED8E243A67F9002AE6C7 /* Build configuration list for PBXProject "Mapinamo" */;
			compatibilityVersion = "Xcode 9.3";
			developmentRegion = en;
			hasScannedForEncodings = 0;
			knownRegions = (
				en,
				Base,
			);
			mainGroup = 377CED8A243A67F9002AE6C7;
			productRefGroup = 377CED94243A67F9002AE6C7 /* Products */;
			projectDirPath = "";
			projectRoot = "";
			targets = (
				377CED92243A67F9002AE6C7 /* Mapinamo */,
			);
		};
/* End PBXProject section */

/* Begin PBXResourcesBuildPhase section */
		377CED91243A67F9002AE6C7 /* Resources */ = {
			isa = PBXResourcesBuildPhase;
			buildActionMask = 2147483647;
			files = (
				37F4493428F70321002D84AE /* AboutScreen.xib in Resources */,
				9F15198726BA6DE4007192F8 /* MapStyle.json in Resources */,
				65654C61260546A100187827 /* Mapinamo.entitlements in Resources */,
				3736B47B245B41B1002A1F56 /* Colors.xcassets in Resources */,
				3736B499245B4FE7002A1F56 /* roboto_black.ttf in Resources */,
				3736B49C245B4FE7002A1F56 /* roboto_medium.ttf in Resources */,
				3736B47E245B4974002A1F56 /* Localizable.strings in Resources */,
				65D2001F25E963AD0036AE09 /* loading.json in Resources */,
				9F47087E26B82AE000E0EE5A /* LaunchScreen.storyboard in Resources */,
				3736B49B245B4FE7002A1F56 /* roboto_light.ttf in Resources */,
				37A846EA2479DB54007895CB /* CreateScreen.storyboard in Resources */,
				65D2002625E96F730036AE09 /* UpdateScreen.storyboard in Resources */,
				3736B49A245B4FE7002A1F56 /* roboto_bold.ttf in Resources */,
				3736B49D245B4FE7002A1F56 /* roboto_regular.ttf in Resources */,
				377CEDA0243A67FE002AE6C7 /* Assets.xcassets in Resources */,
				3736B497245B4FE7002A1F56 /* anton_reg.ttf in Resources */,
				37A846EC2479DB5D007895CB /* FindScreen.storyboard in Resources */,
				3736B479245B4175002A1F56 /* swiftgen.yml in Resources */,
				3736B4C6245DD6F6002A1F56 /* MenuScreen.storyboard in Resources */,
				3736B498245B4FE7002A1F56 /* poppins_semibold.ttf in Resources */,
				65050A3A25F2AC540020A62F /* PickupTreasurePupup.storyboard in Resources */,
			);
			runOnlyForDeploymentPostprocessing = 0;
		};
/* End PBXResourcesBuildPhase section */

/* Begin PBXShellScriptBuildPhase section */
		007AA47EC92FC86AB80DE5D7 /* [CP] Copy Pods Resources */ = {
			isa = PBXShellScriptBuildPhase;
			buildActionMask = 12;
			files = (
			);
			inputFileListPaths = (
				"${PODS_ROOT}/Target Support Files/Pods-Mapinamo/Pods-Mapinamo-resources-${CONFIGURATION}-input-files.xcfilelist",
			);
			name = "[CP] Copy Pods Resources";
			outputFileListPaths = (
				"${PODS_ROOT}/Target Support Files/Pods-Mapinamo/Pods-Mapinamo-resources-${CONFIGURATION}-output-files.xcfilelist",
			);
			runOnlyForDeploymentPostprocessing = 0;
			shellPath = /bin/sh;
			shellScript = "\"${PODS_ROOT}/Target Support Files/Pods-Mapinamo/Pods-Mapinamo-resources.sh\"\n";
			showEnvVarsInLog = 0;
		};
		2968081339834351FA58C4E8 /* [CP] Check Pods Manifest.lock */ = {
			isa = PBXShellScriptBuildPhase;
			buildActionMask = 12;
			files = (
			);
			inputFileListPaths = (
			);
			inputPaths = (
				"${PODS_PODFILE_DIR_PATH}/Podfile.lock",
				"${PODS_ROOT}/Manifest.lock",
			);
			name = "[CP] Check Pods Manifest.lock";
			outputFileListPaths = (
			);
			outputPaths = (
				"$(DERIVED_FILE_DIR)/Pods-Mapinamo-checkManifestLockResult.txt",
			);
			runOnlyForDeploymentPostprocessing = 0;
			shellPath = /bin/sh;
			shellScript = "diff \"${PODS_PODFILE_DIR_PATH}/Podfile.lock\" \"${PODS_ROOT}/Manifest.lock\" > /dev/null\nif [ $? != 0 ] ; then\n    # print error to STDERR\n    echo \"error: The sandbox is not in sync with the Podfile.lock. Run 'pod install' or update your CocoaPods installation.\" >&2\n    exit 1\nfi\n# This output is used by Xcode 'outputs' to avoid re-running this script phase.\necho \"SUCCESS\" > \"${SCRIPT_OUTPUT_FILE_0}\"\n";
			showEnvVarsInLog = 0;
		};
		3736B49E245CB031002A1F56 /* ShellScript */ = {
			isa = PBXShellScriptBuildPhase;
			buildActionMask = 12;
			files = (
			);
			inputFileListPaths = (
			);
			inputPaths = (
			);
			outputFileListPaths = (
			);
			outputPaths = (
			);
			runOnlyForDeploymentPostprocessing = 0;
			shellPath = /bin/sh;
			shellScript = "\"$PODS_ROOT\"/SwiftGen/bin/swiftgen\n";
		};
		78214EDD694AAF27918B95C1 /* [CP] Embed Pods Frameworks */ = {
			isa = PBXShellScriptBuildPhase;
			buildActionMask = 12;
			files = (
			);
			inputFileListPaths = (
				"${PODS_ROOT}/Target Support Files/Pods-Mapinamo/Pods-Mapinamo-frameworks-${CONFIGURATION}-input-files.xcfilelist",
			);
			name = "[CP] Embed Pods Frameworks";
			outputFileListPaths = (
				"${PODS_ROOT}/Target Support Files/Pods-Mapinamo/Pods-Mapinamo-frameworks-${CONFIGURATION}-output-files.xcfilelist",
			);
			runOnlyForDeploymentPostprocessing = 0;
			shellPath = /bin/sh;
			shellScript = "\"${PODS_ROOT}/Target Support Files/Pods-Mapinamo/Pods-Mapinamo-frameworks.sh\"\n";
			showEnvVarsInLog = 0;
		};
/* End PBXShellScriptBuildPhase section */

/* Begin PBXSourcesBuildPhase section */
		377CED8F243A67F9002AE6C7 /* Sources */ = {
			isa = PBXSourcesBuildPhase;
			buildActionMask = 2147483647;
			files = (
				3736B4AB245D888A002A1F56 /* UIView+Shadows.swift in Sources */,
				65FFD3332597C63A008ECCAA /* UIViewController+LocationBlock.swift in Sources */,
				37865FC324CB84F500521A63 /* ResultMapViewController.swift in Sources */,
				3736B483245B4A96002A1F56 /* assets-images.swift in Sources */,
				37865FC524CCD8FB00521A63 /* UIViewController+Map.swift in Sources */,
				371FB49824CF30B4006E2984 /* FinalCreatedViewController.swift in Sources */,
				65D2FFF025E1BFC50036AE09 /* UIViewController+Alerts.swift in Sources */,
				65926F5725BC90130086F6EF /* SecondaryButton.swift in Sources */,
				65D2003B25E97C2B0036AE09 /* ResultMapViewModel.swift in Sources */,
				37FE3E672ADF8EAD00136C5C /* MarkerDetailsViewController.swift in Sources */,
				377F3DF72487EA5700D79594 /* API+Extensions.swift in Sources */,
				65DFCA39258D46AA0070B80C /* UIViewController+PhotoPicker.swift in Sources */,
				3736B4C4245DD6DE002A1F56 /* MenuViewController.swift in Sources */,
				3736B48C245B4B93002A1F56 /* storyboard-scenes.swift in Sources */,
				3794C18C249B9D22004D9868 /* TreasuresAPI.swift in Sources */,
				37200FE224DB135800797A14 /* TreasureMapViewModel.swift in Sources */,
				65FFD3362597CD5A008ECCAA /* UIViewController+Alert.swift in Sources */,
				3736B4AD245D888A002A1F56 /* UI+InterfaceBuilder.swift in Sources */,
				37950D6324DEEFDA00DBDB0F /* MapinamoTextField.swift in Sources */,
				37BCCEC824896232009EAEC8 /* String+Subscript.swift in Sources */,
				377F3DF92487F24500D79594 /* LocalizableProtocols.swift in Sources */,
				65D2004125EA9D7A0036AE09 /* LocationMapViewModel.swift in Sources */,
				3736B4AF245D888A002A1F56 /* MCustomView.swift in Sources */,
				3736B4BA245DBC07002A1F56 /* APIConfiguration.swift in Sources */,
				65D2FFF525E959510036AE09 /* SettingsAPI.swift in Sources */,
				3736B4C1245DCE80002A1F56 /* DIContainer.swift in Sources */,
				3736B485245B4ABB002A1F56 /* storyboard-segues.swift in Sources */,
				377CED97243A67F9002AE6C7 /* AppDelegate.swift in Sources */,
				375695B124E8668200E11A33 /* UIApplication+VisibleViewController.swift in Sources */,
				375695B324E9815E00E11A33 /* GradientView.swift in Sources */,
				3732A31C24D719B200B88AFB /* FinalPickedViewController.swift in Sources */,
				3736B487245B4ACF002A1F56 /* fonts.swift in Sources */,
				37A846F02479DFB6007895CB /* TreasureMapViewController.swift in Sources */,
				3736B489245B4AEB002A1F56 /* strings.swift in Sources */,
				3736B4A1245CC200002A1F56 /* LaunchViewController.swift in Sources */,
				3736B4A9245D888A002A1F56 /* MButton.swift in Sources */,
				377F3DF82487EA5A00D79594 /* Error.swift in Sources */,
				6586D2CE25EAA1CF00F08677 /* DetailsViewModel.swift in Sources */,
				3736B4B8245DBBCE002A1F56 /* BasicAPI.swift in Sources */,
				65D2FFF825E95B6D0036AE09 /* VersionModel.swift in Sources */,
				3736B4AE245D888A002A1F56 /* MLabel.swift in Sources */,
				375E8F1A251FB56E0004B74E /* MainButton.swift in Sources */,
				37A846EE2479DF9E007895CB /* LocationMapViewController.swift in Sources */,
				3794C18E249BAFE7004D9868 /* TreasureModel.swift in Sources */,
				65050A3E25F2ACAF0020A62F /* PickupTreasurePopupViewController.swift in Sources */,
				3799D33C24C88ABF003EE091 /* DetailsViewController.swift in Sources */,
				3736B4AA245D888A002A1F56 /* MGradientButton.swift in Sources */,
				3736B4C0245DCE2B002A1F56 /* AppServices.swift in Sources */,
				658458CE25BCB92600FB121A /* MainTextField.swift in Sources */,
				37F4493628F70332002D84AE /* AboutViewController.swift in Sources */,
				377F3DF22487E16300D79594 /* UIViewController+StatusBar.swift in Sources */,
				65050A4125F2D78C0020A62F /* UIImage+Alpha.swift in Sources */,
				3736B4AC245D888A002A1F56 /* UIView+Designable.swift in Sources */,
				37FE3E692ADF8F1100136C5C /* MarkerDetailsViewModel.swift in Sources */,
				377F3DFB2488025A00D79594 /* MGeocoder.swift in Sources */,
			);
			runOnlyForDeploymentPostprocessing = 0;
		};
/* End PBXSourcesBuildPhase section */

/* Begin PBXVariantGroup section */
		3736B480245B4974002A1F56 /* Localizable.strings */ = {
			isa = PBXVariantGroup;
			children = (
				3736B47F245B4974002A1F56 /* en */,
			);
			name = Localizable.strings;
			sourceTree = "<group>";
		};
/* End PBXVariantGroup section */

/* Begin XCBuildConfiguration section */
		377CEDA5243A67FE002AE6C7 /* Debug */ = {
			isa = XCBuildConfiguration;
			buildSettings = {
				ALWAYS_SEARCH_USER_PATHS = NO;
				CLANG_ANALYZER_NONNULL = YES;
				CLANG_ANALYZER_NUMBER_OBJECT_CONVERSION = YES_AGGRESSIVE;
				CLANG_CXX_LANGUAGE_STANDARD = "gnu++14";
				CLANG_CXX_LIBRARY = "libc++";
				CLANG_ENABLE_MODULES = YES;
				CLANG_ENABLE_OBJC_ARC = YES;
				CLANG_ENABLE_OBJC_WEAK = YES;
				CLANG_WARN_BLOCK_CAPTURE_AUTORELEASING = YES;
				CLANG_WARN_BOOL_CONVERSION = YES;
				CLANG_WARN_COMMA = YES;
				CLANG_WARN_CONSTANT_CONVERSION = YES;
				CLANG_WARN_DEPRECATED_OBJC_IMPLEMENTATIONS = YES;
				CLANG_WARN_DIRECT_OBJC_ISA_USAGE = YES_ERROR;
				CLANG_WARN_DOCUMENTATION_COMMENTS = YES;
				CLANG_WARN_EMPTY_BODY = YES;
				CLANG_WARN_ENUM_CONVERSION = YES;
				CLANG_WARN_INFINITE_RECURSION = YES;
				CLANG_WARN_INT_CONVERSION = YES;
				CLANG_WARN_NON_LITERAL_NULL_CONVERSION = YES;
				CLANG_WARN_OBJC_IMPLICIT_RETAIN_SELF = YES;
				CLANG_WARN_OBJC_LITERAL_CONVERSION = YES;
				CLANG_WARN_OBJC_ROOT_CLASS = YES_ERROR;
				CLANG_WARN_QUOTED_INCLUDE_IN_FRAMEWORK_HEADER = YES;
				CLANG_WARN_RANGE_LOOP_ANALYSIS = YES;
				CLANG_WARN_STRICT_PROTOTYPES = YES;
				CLANG_WARN_SUSPICIOUS_MOVE = YES;
				CLANG_WARN_UNGUARDED_AVAILABILITY = YES_AGGRESSIVE;
				CLANG_WARN_UNREACHABLE_CODE = YES;
				CLANG_WARN__DUPLICATE_METHOD_MATCH = YES;
				COPY_PHASE_STRIP = NO;
				DEBUG_INFORMATION_FORMAT = dwarf;
				ENABLE_STRICT_OBJC_MSGSEND = YES;
				ENABLE_TESTABILITY = YES;
				GCC_C_LANGUAGE_STANDARD = gnu11;
				GCC_DYNAMIC_NO_PIC = NO;
				GCC_NO_COMMON_BLOCKS = YES;
				GCC_OPTIMIZATION_LEVEL = 0;
				GCC_PREPROCESSOR_DEFINITIONS = (
					"DEBUG=1",
					"$(inherited)",
				);
				GCC_WARN_64_TO_32_BIT_CONVERSION = YES;
				GCC_WARN_ABOUT_RETURN_TYPE = YES_ERROR;
				GCC_WARN_UNDECLARED_SELECTOR = YES;
				GCC_WARN_UNINITIALIZED_AUTOS = YES_AGGRESSIVE;
				GCC_WARN_UNUSED_FUNCTION = YES;
				GCC_WARN_UNUSED_VARIABLE = YES;
				IPHONEOS_DEPLOYMENT_TARGET = 15.0;
				MTL_ENABLE_DEBUG_INFO = INCLUDE_SOURCE;
				MTL_FAST_MATH = YES;
				ONLY_ACTIVE_ARCH = YES;
				SDKROOT = iphoneos;
				SWIFT_ACTIVE_COMPILATION_CONDITIONS = DEBUG;
				SWIFT_OPTIMIZATION_LEVEL = "-Onone";
			};
			name = Debug;
		};
		377CEDA6243A67FE002AE6C7 /* Release */ = {
			isa = XCBuildConfiguration;
			buildSettings = {
				ALWAYS_SEARCH_USER_PATHS = NO;
				CLANG_ANALYZER_NONNULL = YES;
				CLANG_ANALYZER_NUMBER_OBJECT_CONVERSION = YES_AGGRESSIVE;
				CLANG_CXX_LANGUAGE_STANDARD = "gnu++14";
				CLANG_CXX_LIBRARY = "libc++";
				CLANG_ENABLE_MODULES = YES;
				CLANG_ENABLE_OBJC_ARC = YES;
				CLANG_ENABLE_OBJC_WEAK = YES;
				CLANG_WARN_BLOCK_CAPTURE_AUTORELEASING = YES;
				CLANG_WARN_BOOL_CONVERSION = YES;
				CLANG_WARN_COMMA = YES;
				CLANG_WARN_CONSTANT_CONVERSION = YES;
				CLANG_WARN_DEPRECATED_OBJC_IMPLEMENTATIONS = YES;
				CLANG_WARN_DIRECT_OBJC_ISA_USAGE = YES_ERROR;
				CLANG_WARN_DOCUMENTATION_COMMENTS = YES;
				CLANG_WARN_EMPTY_BODY = YES;
				CLANG_WARN_ENUM_CONVERSION = YES;
				CLANG_WARN_INFINITE_RECURSION = YES;
				CLANG_WARN_INT_CONVERSION = YES;
				CLANG_WARN_NON_LITERAL_NULL_CONVERSION = YES;
				CLANG_WARN_OBJC_IMPLICIT_RETAIN_SELF = YES;
				CLANG_WARN_OBJC_LITERAL_CONVERSION = YES;
				CLANG_WARN_OBJC_ROOT_CLASS = YES_ERROR;
				CLANG_WARN_QUOTED_INCLUDE_IN_FRAMEWORK_HEADER = YES;
				CLANG_WARN_RANGE_LOOP_ANALYSIS = YES;
				CLANG_WARN_STRICT_PROTOTYPES = YES;
				CLANG_WARN_SUSPICIOUS_MOVE = YES;
				CLANG_WARN_UNGUARDED_AVAILABILITY = YES_AGGRESSIVE;
				CLANG_WARN_UNREACHABLE_CODE = YES;
				CLANG_WARN__DUPLICATE_METHOD_MATCH = YES;
				COPY_PHASE_STRIP = NO;
				DEBUG_INFORMATION_FORMAT = "dwarf-with-dsym";
				ENABLE_NS_ASSERTIONS = NO;
				ENABLE_STRICT_OBJC_MSGSEND = YES;
				GCC_C_LANGUAGE_STANDARD = gnu11;
				GCC_NO_COMMON_BLOCKS = YES;
				GCC_WARN_64_TO_32_BIT_CONVERSION = YES;
				GCC_WARN_ABOUT_RETURN_TYPE = YES_ERROR;
				GCC_WARN_UNDECLARED_SELECTOR = YES;
				GCC_WARN_UNINITIALIZED_AUTOS = YES_AGGRESSIVE;
				GCC_WARN_UNUSED_FUNCTION = YES;
				GCC_WARN_UNUSED_VARIABLE = YES;
				IPHONEOS_DEPLOYMENT_TARGET = 15.0;
				MTL_ENABLE_DEBUG_INFO = NO;
				MTL_FAST_MATH = YES;
				SDKROOT = iphoneos;
				SWIFT_COMPILATION_MODE = wholemodule;
				SWIFT_OPTIMIZATION_LEVEL = "-O";
				VALIDATE_PRODUCT = YES;
			};
			name = Release;
		};
		377CEDA8243A67FE002AE6C7 /* Debug */ = {
			isa = XCBuildConfiguration;
			baseConfigurationReference = 21E231F08ED01A72A9A92CAF /* Pods-Mapinamo.debug.xcconfig */;
			buildSettings = {
				ASSETCATALOG_COMPILER_APPICON_NAME = AppIcon;
				CODE_SIGN_ENTITLEMENTS = Mapinamo/Mapinamo.entitlements;
				CODE_SIGN_IDENTITY = "Apple Development";
				CODE_SIGN_STYLE = Automatic;
				CURRENT_PROJECT_VERSION = 10;
				DEVELOPMENT_TEAM = FM5U42Q7M5;
				"EXCLUDED_ARCHS[sdk=iphonesimulator*]" = "";
				INFOPLIST_FILE = Mapinamo/Info.plist;
				LD_RUNPATH_SEARCH_PATHS = (
					"$(inherited)",
					"@executable_path/Frameworks",
				);
				MARKETING_VERSION = 1.0.5;
				PRODUCT_BUNDLE_IDENTIFIER = com.mapinamo.Mapinamo;
				PRODUCT_NAME = "$(TARGET_NAME)";
				PROVISIONING_PROFILE_SPECIFIER = "";
				SWIFT_VERSION = 5.0;
				TARGETED_DEVICE_FAMILY = "1,2";
			};
			name = Debug;
		};
		377CEDA9243A67FE002AE6C7 /* Release */ = {
			isa = XCBuildConfiguration;
			baseConfigurationReference = EB323C2E626DD128528BD76E /* Pods-Mapinamo.release.xcconfig */;
			buildSettings = {
				ASSETCATALOG_COMPILER_APPICON_NAME = AppIcon;
				CODE_SIGN_ENTITLEMENTS = Mapinamo/Mapinamo.entitlements;
				CODE_SIGN_IDENTITY = "Apple Development";
				CODE_SIGN_STYLE = Automatic;
				CURRENT_PROJECT_VERSION = 10;
				DEVELOPMENT_TEAM = FM5U42Q7M5;
				INFOPLIST_FILE = Mapinamo/Info.plist;
				LD_RUNPATH_SEARCH_PATHS = (
					"$(inherited)",
					"@executable_path/Frameworks",
				);
				MARKETING_VERSION = 1.0.5;
				PRODUCT_BUNDLE_IDENTIFIER = com.mapinamo.Mapinamo;
				PRODUCT_NAME = "$(TARGET_NAME)";
				PROVISIONING_PROFILE_SPECIFIER = "";
				SWIFT_VERSION = 5.0;
				TARGETED_DEVICE_FAMILY = "1,2";
			};
			name = Release;
		};
/* End XCBuildConfiguration section */

/* Begin XCConfigurationList section */
		377CED8E243A67F9002AE6C7 /* Build configuration list for PBXProject "Mapinamo" */ = {
			isa = XCConfigurationList;
			buildConfigurations = (
				377CEDA5243A67FE002AE6C7 /* Debug */,
				377CEDA6243A67FE002AE6C7 /* Release */,
			);
			defaultConfigurationIsVisible = 0;
			defaultConfigurationName = Release;
		};
		377CEDA7243A67FE002AE6C7 /* Build configuration list for PBXNativeTarget "Mapinamo" */ = {
			isa = XCConfigurationList;
			buildConfigurations = (
				377CEDA8243A67FE002AE6C7 /* Debug */,
				377CEDA9243A67FE002AE6C7 /* Release */,
			);
			defaultConfigurationIsVisible = 0;
			defaultConfigurationName = Release;
		};
/* End XCConfigurationList section */
	};
	rootObject = 377CED8B243A67F9002AE6C7 /* Project object */;
}
